// !$*UTF8*$!
{
	archiveVersion = 1;
	classes = {
	};
	objectVersion = 47;
	objects = {

/* Begin PBXBuildFile section */
		4E3433E51C0C345500D3D284 /* Podfile in Resources */ = {isa = PBXBuildFile; fileRef = 4E3433E41C0C345500D3D284 /* Podfile */; };
		4E4A783F1C0422D000314390 /* PWDDetailViewController.m in Sources */ = {isa = PBXBuildFile; fileRef = 4E4A783D1C0422D000314390 /* PWDDetailViewController.m */; };
		4E4A78401C0422D000314390 /* PWDDetailViewController.xib in Resources */ = {isa = PBXBuildFile; fileRef = 4E4A783E1C0422D000314390 /* PWDDetailViewController.xib */; };
		4E575F671BFA14560099DDEB /* PWDTaskDifficultyIndicator.m in Sources */ = {isa = PBXBuildFile; fileRef = 4E575F661BFA14560099DDEB /* PWDTaskDifficultyIndicator.m */; };
		4EB1112A1B9C0D4900BF5656 /* PowerDo.xcdatamodeld in Sources */ = {isa = PBXBuildFile; fileRef = 4EB111281B9C0D4900BF5656 /* PowerDo.xcdatamodeld */; };
		4EC7ECC81C035F04003C5259 /* PWDTodayPowerBar.m in Sources */ = {isa = PBXBuildFile; fileRef = 4EC7ECC71C035F04003C5259 /* PWDTodayPowerBar.m */; };
		4EF5F5F51C01B4C200BF6CBE /* PWDChartView.m in Sources */ = {isa = PBXBuildFile; fileRef = 4EF5F5F41C01B4C200BF6CBE /* PWDChartView.m */; };
		4EF5F5F81C01CB8900BF6CBE /* PWDChartScrollView.m in Sources */ = {isa = PBXBuildFile; fileRef = 4EF5F5F71C01CB8900BF6CBE /* PWDChartScrollView.m */; };
		8621A00A1B9B1FBA0082B853 /* PWDTaskManager.m in Sources */ = {isa = PBXBuildFile; fileRef = 8621A0091B9B1FBA0082B853 /* PWDTaskManager.m */; };
		8621A00C1B9B20580082B853 /* PWDTaskManagerTests.m in Sources */ = {isa = PBXBuildFile; fileRef = 8621A00B1B9B20580082B853 /* PWDTaskManagerTests.m */; };
		8621D1A31BFCBF5D00995C36 /* PWDRootViewController.m in Sources */ = {isa = PBXBuildFile; fileRef = 8621D1A21BFCBF5D00995C36 /* PWDRootViewController.m */; };
		86485B201B973A4C0027D01A /* main.m in Sources */ = {isa = PBXBuildFile; fileRef = 86485B1F1B973A4C0027D01A /* main.m */; };
		86485B231B973A4C0027D01A /* AppDelegate.m in Sources */ = {isa = PBXBuildFile; fileRef = 86485B221B973A4C0027D01A /* AppDelegate.m */; };
		86485B2E1B973A4C0027D01A /* Assets.xcassets in Resources */ = {isa = PBXBuildFile; fileRef = 86485B2D1B973A4C0027D01A /* Assets.xcassets */; };
		86485B311B973A4C0027D01A /* LaunchScreen.storyboard in Resources */ = {isa = PBXBuildFile; fileRef = 86485B2F1B973A4C0027D01A /* LaunchScreen.storyboard */; };
		86485B3C1B973A4C0027D01A /* PowerDoTests.m in Sources */ = {isa = PBXBuildFile; fileRef = 86485B3B1B973A4C0027D01A /* PowerDoTests.m */; };
		86485B471B973A4C0027D01A /* PowerDoUITests.m in Sources */ = {isa = PBXBuildFile; fileRef = 86485B461B973A4C0027D01A /* PowerDoUITests.m */; };
		86658E621BA3372700FE67B3 /* PWDStatsViewController.m in Sources */ = {isa = PBXBuildFile; fileRef = 86658E611BA3372700FE67B3 /* PWDStatsViewController.m */; };
		86A75FAC1BA2E20700588730 /* PWDConstants.m in Sources */ = {isa = PBXBuildFile; fileRef = 86A75FAB1BA2E20700588730 /* PWDConstants.m */; };
		86AF08D91C00271100F70D5A /* PWDDailyRecord+CoreDataProperties.m in Sources */ = {isa = PBXBuildFile; fileRef = 86AF08D61C00271100F70D5A /* PWDDailyRecord+CoreDataProperties.m */; };
		86AF08DA1C00271100F70D5A /* PWDDailyRecord.m in Sources */ = {isa = PBXBuildFile; fileRef = 86AF08D81C00271100F70D5A /* PWDDailyRecord.m */; };
		86AF08DD1C00738600F70D5A /* NSPredicate+PWDExtras.m in Sources */ = {isa = PBXBuildFile; fileRef = 86AF08DC1C00738600F70D5A /* NSPredicate+PWDExtras.m */; };
		86B0F7EB1C0176B100724324 /* UITableViewCell+PWDExtras.m in Sources */ = {isa = PBXBuildFile; fileRef = 86B0F7EA1C0176B100724324 /* UITableViewCell+PWDExtras.m */; };
		86E21A741B973D3C0098AC93 /* PWDTaskTests.m in Sources */ = {isa = PBXBuildFile; fileRef = 86E21A731B973D3C0098AC93 /* PWDTaskTests.m */; };
		86E8D95A1BFB6A0700E93E7F /* PWDTask+CoreDataProperties.m in Sources */ = {isa = PBXBuildFile; fileRef = 86E8D9571BFB6A0700E93E7F /* PWDTask+CoreDataProperties.m */; };
		86E8D95B1BFB6A0700E93E7F /* PWDTask.m in Sources */ = {isa = PBXBuildFile; fileRef = 86E8D9591BFB6A0700E93E7F /* PWDTask.m */; };
		86F043C81BF738ED0048FADB /* PWDPlanViewController.m in Sources */ = {isa = PBXBuildFile; fileRef = 86F043C71BF738ED0048FADB /* PWDPlanViewController.m */; };
		AA42271F0E2A1D3A7902C90F /* Pods_PowerDoTests.framework in Frameworks */ = {isa = PBXBuildFile; fileRef = F84C5F0FC1154F08EE582896 /* Pods_PowerDoTests.framework */; };
		E22319081BA486D400C1C21F /* PWDFeedbackViewController.m in Sources */ = {isa = PBXBuildFile; fileRef = E22319061BA486D400C1C21F /* PWDFeedbackViewController.m */; };
		E22319091BA486D400C1C21F /* PWDFeedbackViewController.xib in Resources */ = {isa = PBXBuildFile; fileRef = E22319071BA486D400C1C21F /* PWDFeedbackViewController.xib */; };
		E23664D31BAB0C810035C0D2 /* PWDFeedbackService.m in Sources */ = {isa = PBXBuildFile; fileRef = E23664D21BAB0C810035C0D2 /* PWDFeedbackService.m */; };
		E23664D61BAB11A60035C0D2 /* UIColor+Extras.m in Sources */ = {isa = PBXBuildFile; fileRef = E23664D51BAB11A60035C0D2 /* UIColor+Extras.m */; };
		E262CCEA1BA0881A00A82C98 /* PWDSettingsViewController.m in Sources */ = {isa = PBXBuildFile; fileRef = E262CCE91BA0881A00A82C98 /* PWDSettingsViewController.m */; };
		E2C426551B9DDD9500E3BC92 /* PWDTodayViewController.m in Sources */ = {isa = PBXBuildFile; fileRef = E2C426541B9DDD9500E3BC92 /* PWDTodayViewController.m */; };
		E2DAC0331BA8744000C33CBD /* PWDFeedbackTextField.m in Sources */ = {isa = PBXBuildFile; fileRef = E2DAC0321BA8744000C33CBD /* PWDFeedbackTextField.m */; };
		FE96EFC4BDAAE40AFEB33AD9 /* Pods_PowerDo.framework in Frameworks */ = {isa = PBXBuildFile; fileRef = 3DBDE9AC8F6831BD6BD2A168 /* Pods_PowerDo.framework */; };
/* End PBXBuildFile section */

/* Begin PBXContainerItemProxy section */
		86485B381B973A4C0027D01A /* PBXContainerItemProxy */ = {
			isa = PBXContainerItemProxy;
			containerPortal = 86485B131B973A4C0027D01A /* Project object */;
			proxyType = 1;
			remoteGlobalIDString = 86485B1A1B973A4C0027D01A;
			remoteInfo = PowerDo;
		};
		86485B431B973A4C0027D01A /* PBXContainerItemProxy */ = {
			isa = PBXContainerItemProxy;
			containerPortal = 86485B131B973A4C0027D01A /* Project object */;
			proxyType = 1;
			remoteGlobalIDString = 86485B1A1B973A4C0027D01A;
			remoteInfo = PowerDo;
		};
/* End PBXContainerItemProxy section */

/* Begin PBXCopyFilesBuildPhase section */
		86E0D3411C1493C000C86203 /* Embed Frameworks */ = {
			isa = PBXCopyFilesBuildPhase;
			buildActionMask = 2147483647;
			dstPath = "";
			dstSubfolderSpec = 10;
			files = (
			);
			name = "Embed Frameworks";
			runOnlyForDeploymentPostprocessing = 0;
		};
/* End PBXCopyFilesBuildPhase section */

/* Begin PBXFileReference section */
		3DBDE9AC8F6831BD6BD2A168 /* Pods_PowerDo.framework */ = {isa = PBXFileReference; explicitFileType = wrapper.framework; includeInIndex = 0; path = Pods_PowerDo.framework; sourceTree = BUILT_PRODUCTS_DIR; };
		4E3433E41C0C345500D3D284 /* Podfile */ = {isa = PBXFileReference; fileEncoding = 4; lastKnownFileType = text; path = Podfile; sourceTree = "<group>"; xcLanguageSpecificationIdentifier = xcode.lang.ruby; };
		4E4A783C1C0422D000314390 /* PWDDetailViewController.h */ = {isa = PBXFileReference; fileEncoding = 4; lastKnownFileType = sourcecode.c.h; path = PWDDetailViewController.h; sourceTree = "<group>"; };
		4E4A783D1C0422D000314390 /* PWDDetailViewController.m */ = {isa = PBXFileReference; fileEncoding = 4; lastKnownFileType = sourcecode.c.objc; path = PWDDetailViewController.m; sourceTree = "<group>"; };
		4E4A783E1C0422D000314390 /* PWDDetailViewController.xib */ = {isa = PBXFileReference; fileEncoding = 4; lastKnownFileType = file.xib; path = PWDDetailViewController.xib; sourceTree = "<group>"; };
		4E575F651BFA14560099DDEB /* PWDTaskDifficultyIndicator.h */ = {isa = PBXFileReference; fileEncoding = 4; lastKnownFileType = sourcecode.c.h; path = PWDTaskDifficultyIndicator.h; sourceTree = "<group>"; };
		4E575F661BFA14560099DDEB /* PWDTaskDifficultyIndicator.m */ = {isa = PBXFileReference; fileEncoding = 4; lastKnownFileType = sourcecode.c.objc; path = PWDTaskDifficultyIndicator.m; sourceTree = "<group>"; };
		4EB111291B9C0D4900BF5656 /* PowerDo.xcdatamodel */ = {isa = PBXFileReference; lastKnownFileType = wrapper.xcdatamodel; path = PowerDo.xcdatamodel; sourceTree = "<group>"; };
		4EC7ECC61C035F04003C5259 /* PWDTodayPowerBar.h */ = {isa = PBXFileReference; fileEncoding = 4; lastKnownFileType = sourcecode.c.h; path = PWDTodayPowerBar.h; sourceTree = "<group>"; };
		4EC7ECC71C035F04003C5259 /* PWDTodayPowerBar.m */ = {isa = PBXFileReference; fileEncoding = 4; lastKnownFileType = sourcecode.c.objc; path = PWDTodayPowerBar.m; sourceTree = "<group>"; };
		4EF5F5F31C01B4C200BF6CBE /* PWDChartView.h */ = {isa = PBXFileReference; fileEncoding = 4; lastKnownFileType = sourcecode.c.h; path = PWDChartView.h; sourceTree = "<group>"; };
		4EF5F5F41C01B4C200BF6CBE /* PWDChartView.m */ = {isa = PBXFileReference; fileEncoding = 4; lastKnownFileType = sourcecode.c.objc; path = PWDChartView.m; sourceTree = "<group>"; };
		4EF5F5F61C01CB8900BF6CBE /* PWDChartScrollView.h */ = {isa = PBXFileReference; fileEncoding = 4; lastKnownFileType = sourcecode.c.h; path = PWDChartScrollView.h; sourceTree = "<group>"; };
		4EF5F5F71C01CB8900BF6CBE /* PWDChartScrollView.m */ = {isa = PBXFileReference; fileEncoding = 4; lastKnownFileType = sourcecode.c.objc; path = PWDChartScrollView.m; sourceTree = "<group>"; };
		51F85B7A7FB51F5B32430123 /* Pods-PowerDoTests.debug.xcconfig */ = {isa = PBXFileReference; includeInIndex = 1; lastKnownFileType = text.xcconfig; name = "Pods-PowerDoTests.debug.xcconfig"; path = "Pods/Target Support Files/Pods-PowerDoTests/Pods-PowerDoTests.debug.xcconfig"; sourceTree = "<group>"; };
		799CA31F66E7EB2399F99BEE /* Pods-PowerDo.debug.xcconfig */ = {isa = PBXFileReference; includeInIndex = 1; lastKnownFileType = text.xcconfig; name = "Pods-PowerDo.debug.xcconfig"; path = "Pods/Target Support Files/Pods-PowerDo/Pods-PowerDo.debug.xcconfig"; sourceTree = "<group>"; };
		8621A0081B9B1FBA0082B853 /* PWDTaskManager.h */ = {isa = PBXFileReference; fileEncoding = 4; lastKnownFileType = sourcecode.c.h; path = PWDTaskManager.h; sourceTree = "<group>"; };
		8621A0091B9B1FBA0082B853 /* PWDTaskManager.m */ = {isa = PBXFileReference; fileEncoding = 4; lastKnownFileType = sourcecode.c.objc; path = PWDTaskManager.m; sourceTree = "<group>"; };
		8621A00B1B9B20580082B853 /* PWDTaskManagerTests.m */ = {isa = PBXFileReference; fileEncoding = 4; lastKnownFileType = sourcecode.c.objc; path = PWDTaskManagerTests.m; sourceTree = "<group>"; };
		8621D1A11BFCBF5D00995C36 /* PWDRootViewController.h */ = {isa = PBXFileReference; fileEncoding = 4; lastKnownFileType = sourcecode.c.h; path = PWDRootViewController.h; sourceTree = "<group>"; };
		8621D1A21BFCBF5D00995C36 /* PWDRootViewController.m */ = {isa = PBXFileReference; fileEncoding = 4; lastKnownFileType = sourcecode.c.objc; path = PWDRootViewController.m; sourceTree = "<group>"; };
		86485B1B1B973A4C0027D01A /* PowerDo.app */ = {isa = PBXFileReference; explicitFileType = wrapper.application; includeInIndex = 0; path = PowerDo.app; sourceTree = BUILT_PRODUCTS_DIR; };
		86485B1F1B973A4C0027D01A /* main.m */ = {isa = PBXFileReference; lastKnownFileType = sourcecode.c.objc; path = main.m; sourceTree = "<group>"; };
		86485B211B973A4C0027D01A /* AppDelegate.h */ = {isa = PBXFileReference; lastKnownFileType = sourcecode.c.h; path = AppDelegate.h; sourceTree = "<group>"; };
		86485B221B973A4C0027D01A /* AppDelegate.m */ = {isa = PBXFileReference; lastKnownFileType = sourcecode.c.objc; path = AppDelegate.m; sourceTree = "<group>"; };
		86485B2D1B973A4C0027D01A /* Assets.xcassets */ = {isa = PBXFileReference; lastKnownFileType = folder.assetcatalog; path = Assets.xcassets; sourceTree = "<group>"; };
		86485B301B973A4C0027D01A /* Base */ = {isa = PBXFileReference; lastKnownFileType = file.storyboard; name = Base; path = Base.lproj/LaunchScreen.storyboard; sourceTree = "<group>"; };
		86485B321B973A4C0027D01A /* Info.plist */ = {isa = PBXFileReference; lastKnownFileType = text.plist.xml; path = Info.plist; sourceTree = "<group>"; };
		86485B371B973A4C0027D01A /* PowerDoTests.xctest */ = {isa = PBXFileReference; explicitFileType = wrapper.cfbundle; includeInIndex = 0; path = PowerDoTests.xctest; sourceTree = BUILT_PRODUCTS_DIR; };
		86485B3B1B973A4C0027D01A /* PowerDoTests.m */ = {isa = PBXFileReference; lastKnownFileType = sourcecode.c.objc; path = PowerDoTests.m; sourceTree = "<group>"; };
		86485B3D1B973A4C0027D01A /* Info.plist */ = {isa = PBXFileReference; lastKnownFileType = text.plist.xml; path = Info.plist; sourceTree = "<group>"; };
		86485B421B973A4C0027D01A /* PowerDoUITests.xctest */ = {isa = PBXFileReference; explicitFileType = wrapper.cfbundle; includeInIndex = 0; path = PowerDoUITests.xctest; sourceTree = BUILT_PRODUCTS_DIR; };
		86485B461B973A4C0027D01A /* PowerDoUITests.m */ = {isa = PBXFileReference; lastKnownFileType = sourcecode.c.objc; path = PowerDoUITests.m; sourceTree = "<group>"; };
		86485B481B973A4C0027D01A /* Info.plist */ = {isa = PBXFileReference; lastKnownFileType = text.plist.xml; path = Info.plist; sourceTree = "<group>"; };
		86658E601BA3372700FE67B3 /* PWDStatsViewController.h */ = {isa = PBXFileReference; fileEncoding = 4; lastKnownFileType = sourcecode.c.h; path = PWDStatsViewController.h; sourceTree = "<group>"; };
		86658E611BA3372700FE67B3 /* PWDStatsViewController.m */ = {isa = PBXFileReference; fileEncoding = 4; lastKnownFileType = sourcecode.c.objc; path = PWDStatsViewController.m; sourceTree = "<group>"; };
		86A75FAA1BA2E20700588730 /* PWDConstants.h */ = {isa = PBXFileReference; fileEncoding = 4; lastKnownFileType = sourcecode.c.h; path = PWDConstants.h; sourceTree = "<group>"; };
		86A75FAB1BA2E20700588730 /* PWDConstants.m */ = {isa = PBXFileReference; fileEncoding = 4; lastKnownFileType = sourcecode.c.objc; path = PWDConstants.m; sourceTree = "<group>"; };
		86AF08D51C00271100F70D5A /* PWDDailyRecord+CoreDataProperties.h */ = {isa = PBXFileReference; fileEncoding = 4; lastKnownFileType = sourcecode.c.h; path = "PWDDailyRecord+CoreDataProperties.h"; sourceTree = "<group>"; };
		86AF08D61C00271100F70D5A /* PWDDailyRecord+CoreDataProperties.m */ = {isa = PBXFileReference; fileEncoding = 4; lastKnownFileType = sourcecode.c.objc; path = "PWDDailyRecord+CoreDataProperties.m"; sourceTree = "<group>"; };
		86AF08D71C00271100F70D5A /* PWDDailyRecord.h */ = {isa = PBXFileReference; fileEncoding = 4; lastKnownFileType = sourcecode.c.h; path = PWDDailyRecord.h; sourceTree = "<group>"; };
		86AF08D81C00271100F70D5A /* PWDDailyRecord.m */ = {isa = PBXFileReference; fileEncoding = 4; lastKnownFileType = sourcecode.c.objc; path = PWDDailyRecord.m; sourceTree = "<group>"; };
		86AF08DB1C00738600F70D5A /* NSPredicate+PWDExtras.h */ = {isa = PBXFileReference; fileEncoding = 4; lastKnownFileType = sourcecode.c.h; path = "NSPredicate+PWDExtras.h"; sourceTree = "<group>"; };
		86AF08DC1C00738600F70D5A /* NSPredicate+PWDExtras.m */ = {isa = PBXFileReference; fileEncoding = 4; lastKnownFileType = sourcecode.c.objc; path = "NSPredicate+PWDExtras.m"; sourceTree = "<group>"; };
		86B0F7E91C0176B100724324 /* UITableViewCell+PWDExtras.h */ = {isa = PBXFileReference; fileEncoding = 4; lastKnownFileType = sourcecode.c.h; path = "UITableViewCell+PWDExtras.h"; sourceTree = "<group>"; };
		86B0F7EA1C0176B100724324 /* UITableViewCell+PWDExtras.m */ = {isa = PBXFileReference; fileEncoding = 4; lastKnownFileType = sourcecode.c.objc; path = "UITableViewCell+PWDExtras.m"; sourceTree = "<group>"; };
		86E21A731B973D3C0098AC93 /* PWDTaskTests.m */ = {isa = PBXFileReference; fileEncoding = 4; lastKnownFileType = sourcecode.c.objc; path = PWDTaskTests.m; sourceTree = "<group>"; };
		86E8D9561BFB6A0700E93E7F /* PWDTask+CoreDataProperties.h */ = {isa = PBXFileReference; fileEncoding = 4; lastKnownFileType = sourcecode.c.h; path = "PWDTask+CoreDataProperties.h"; sourceTree = "<group>"; };
		86E8D9571BFB6A0700E93E7F /* PWDTask+CoreDataProperties.m */ = {isa = PBXFileReference; fileEncoding = 4; lastKnownFileType = sourcecode.c.objc; path = "PWDTask+CoreDataProperties.m"; sourceTree = "<group>"; };
		86E8D9581BFB6A0700E93E7F /* PWDTask.h */ = {isa = PBXFileReference; fileEncoding = 4; lastKnownFileType = sourcecode.c.h; path = PWDTask.h; sourceTree = "<group>"; };
		86E8D9591BFB6A0700E93E7F /* PWDTask.m */ = {isa = PBXFileReference; fileEncoding = 4; lastKnownFileType = sourcecode.c.objc; path = PWDTask.m; sourceTree = "<group>"; };
		86F043C61BF738ED0048FADB /* PWDPlanViewController.h */ = {isa = PBXFileReference; fileEncoding = 4; lastKnownFileType = sourcecode.c.h; path = PWDPlanViewController.h; sourceTree = "<group>"; };
		86F043C71BF738ED0048FADB /* PWDPlanViewController.m */ = {isa = PBXFileReference; fileEncoding = 4; lastKnownFileType = sourcecode.c.objc; path = PWDPlanViewController.m; sourceTree = "<group>"; };
		E0DA81DA460E89775F916B85 /* Pods-PowerDo.release.xcconfig */ = {isa = PBXFileReference; includeInIndex = 1; lastKnownFileType = text.xcconfig; name = "Pods-PowerDo.release.xcconfig"; path = "Pods/Target Support Files/Pods-PowerDo/Pods-PowerDo.release.xcconfig"; sourceTree = "<group>"; };
		E22319051BA486D400C1C21F /* PWDFeedbackViewController.h */ = {isa = PBXFileReference; fileEncoding = 4; lastKnownFileType = sourcecode.c.h; path = PWDFeedbackViewController.h; sourceTree = "<group>"; };
		E22319061BA486D400C1C21F /* PWDFeedbackViewController.m */ = {isa = PBXFileReference; fileEncoding = 4; lastKnownFileType = sourcecode.c.objc; path = PWDFeedbackViewController.m; sourceTree = "<group>"; };
		E22319071BA486D400C1C21F /* PWDFeedbackViewController.xib */ = {isa = PBXFileReference; fileEncoding = 4; lastKnownFileType = file.xib; path = PWDFeedbackViewController.xib; sourceTree = "<group>"; };
		E23664D11BAB0C810035C0D2 /* PWDFeedbackService.h */ = {isa = PBXFileReference; fileEncoding = 4; lastKnownFileType = sourcecode.c.h; path = PWDFeedbackService.h; sourceTree = "<group>"; };
		E23664D21BAB0C810035C0D2 /* PWDFeedbackService.m */ = {isa = PBXFileReference; fileEncoding = 4; lastKnownFileType = sourcecode.c.objc; path = PWDFeedbackService.m; sourceTree = "<group>"; };
		E23664D41BAB11A60035C0D2 /* UIColor+Extras.h */ = {isa = PBXFileReference; fileEncoding = 4; lastKnownFileType = sourcecode.c.h; path = "UIColor+Extras.h"; sourceTree = "<group>"; };
		E23664D51BAB11A60035C0D2 /* UIColor+Extras.m */ = {isa = PBXFileReference; fileEncoding = 4; lastKnownFileType = sourcecode.c.objc; path = "UIColor+Extras.m"; sourceTree = "<group>"; };
		E262CCE81BA0881A00A82C98 /* PWDSettingsViewController.h */ = {isa = PBXFileReference; fileEncoding = 4; lastKnownFileType = sourcecode.c.h; path = PWDSettingsViewController.h; sourceTree = "<group>"; };
		E262CCE91BA0881A00A82C98 /* PWDSettingsViewController.m */ = {isa = PBXFileReference; fileEncoding = 4; lastKnownFileType = sourcecode.c.objc; path = PWDSettingsViewController.m; sourceTree = "<group>"; };
		E2C426531B9DDD9500E3BC92 /* PWDTodayViewController.h */ = {isa = PBXFileReference; fileEncoding = 4; lastKnownFileType = sourcecode.c.h; path = PWDTodayViewController.h; sourceTree = "<group>"; };
		E2C426541B9DDD9500E3BC92 /* PWDTodayViewController.m */ = {isa = PBXFileReference; fileEncoding = 4; lastKnownFileType = sourcecode.c.objc; path = PWDTodayViewController.m; sourceTree = "<group>"; };
		E2DAC0311BA8744000C33CBD /* PWDFeedbackTextField.h */ = {isa = PBXFileReference; fileEncoding = 4; lastKnownFileType = sourcecode.c.h; path = PWDFeedbackTextField.h; sourceTree = "<group>"; };
		E2DAC0321BA8744000C33CBD /* PWDFeedbackTextField.m */ = {isa = PBXFileReference; fileEncoding = 4; lastKnownFileType = sourcecode.c.objc; path = PWDFeedbackTextField.m; sourceTree = "<group>"; };
		EA830DC4FCC26E384ED90FA1 /* Pods-PowerDoTests.release.xcconfig */ = {isa = PBXFileReference; includeInIndex = 1; lastKnownFileType = text.xcconfig; name = "Pods-PowerDoTests.release.xcconfig"; path = "Pods/Target Support Files/Pods-PowerDoTests/Pods-PowerDoTests.release.xcconfig"; sourceTree = "<group>"; };
		F84C5F0FC1154F08EE582896 /* Pods_PowerDoTests.framework */ = {isa = PBXFileReference; explicitFileType = wrapper.framework; includeInIndex = 0; path = Pods_PowerDoTests.framework; sourceTree = BUILT_PRODUCTS_DIR; };
/* End PBXFileReference section */

/* Begin PBXFrameworksBuildPhase section */
		86485B181B973A4C0027D01A /* Frameworks */ = {
			isa = PBXFrameworksBuildPhase;
			buildActionMask = 2147483647;
			files = (
				FE96EFC4BDAAE40AFEB33AD9 /* Pods_PowerDo.framework in Frameworks */,
			);
			runOnlyForDeploymentPostprocessing = 0;
		};
		86485B341B973A4C0027D01A /* Frameworks */ = {
			isa = PBXFrameworksBuildPhase;
			buildActionMask = 2147483647;
			files = (
				AA42271F0E2A1D3A7902C90F /* Pods_PowerDoTests.framework in Frameworks */,
			);
			runOnlyForDeploymentPostprocessing = 0;
		};
		86485B3F1B973A4C0027D01A /* Frameworks */ = {
			isa = PBXFrameworksBuildPhase;
			buildActionMask = 2147483647;
			files = (
			);
			runOnlyForDeploymentPostprocessing = 0;
		};
/* End PBXFrameworksBuildPhase section */

/* Begin PBXGroup section */
		26CF9F320D9AF30965175E04 /* Pods */ = {
			isa = PBXGroup;
			children = (
				51F85B7A7FB51F5B32430123 /* Pods-PowerDoTests.debug.xcconfig */,
				EA830DC4FCC26E384ED90FA1 /* Pods-PowerDoTests.release.xcconfig */,
				799CA31F66E7EB2399F99BEE /* Pods-PowerDo.debug.xcconfig */,
				E0DA81DA460E89775F916B85 /* Pods-PowerDo.release.xcconfig */,
			);
			name = Pods;
			sourceTree = "<group>";
		};
		446560E1291F0B6C94B5C9C0 /* Frameworks */ = {
			isa = PBXGroup;
			children = (
				3DBDE9AC8F6831BD6BD2A168 /* Pods_PowerDo.framework */,
				F84C5F0FC1154F08EE582896 /* Pods_PowerDoTests.framework */,
			);
			name = Frameworks;
			sourceTree = "<group>";
		};
		8621A00D1B9B24610082B853 /* Categories */ = {
			isa = PBXGroup;
			children = (
				86A75FAA1BA2E20700588730 /* PWDConstants.h */,
				86A75FAB1BA2E20700588730 /* PWDConstants.m */,
				E23664D41BAB11A60035C0D2 /* UIColor+Extras.h */,
				E23664D51BAB11A60035C0D2 /* UIColor+Extras.m */,
				86AF08DB1C00738600F70D5A /* NSPredicate+PWDExtras.h */,
				86AF08DC1C00738600F70D5A /* NSPredicate+PWDExtras.m */,
				86B0F7E91C0176B100724324 /* UITableViewCell+PWDExtras.h */,
				86B0F7EA1C0176B100724324 /* UITableViewCell+PWDExtras.m */,
			);
			name = Categories;
			sourceTree = "<group>";
		};
		86485B121B973A4C0027D01A = {
			isa = PBXGroup;
			children = (
				4E3433E41C0C345500D3D284 /* Podfile */,
				86485B1D1B973A4C0027D01A /* PowerDo */,
				86485B3A1B973A4C0027D01A /* PowerDoTests */,
				86485B451B973A4C0027D01A /* PowerDoUITests */,
				86485B1C1B973A4C0027D01A /* Products */,
				26CF9F320D9AF30965175E04 /* Pods */,
				446560E1291F0B6C94B5C9C0 /* Frameworks */,
			);
			sourceTree = "<group>";
		};
		86485B1C1B973A4C0027D01A /* Products */ = {
			isa = PBXGroup;
			children = (
				86485B1B1B973A4C0027D01A /* PowerDo.app */,
				86485B371B973A4C0027D01A /* PowerDoTests.xctest */,
				86485B421B973A4C0027D01A /* PowerDoUITests.xctest */,
			);
			name = Products;
			sourceTree = "<group>";
		};
		86485B1D1B973A4C0027D01A /* PowerDo */ = {
			isa = PBXGroup;
			children = (
				E23664D01BAB0C6C0035C0D2 /* Service */,
				8621A00D1B9B24610082B853 /* Categories */,
				86E21A751B973EE20098AC93 /* Model */,
				86A75F8B1BA2CC4600588730 /* View */,
				E2C426521B9DDD3900E3BC92 /* Controller */,
				86485B211B973A4C0027D01A /* AppDelegate.h */,
				86485B221B973A4C0027D01A /* AppDelegate.m */,
				86485B2D1B973A4C0027D01A /* Assets.xcassets */,
				86485B2F1B973A4C0027D01A /* LaunchScreen.storyboard */,
				86485B321B973A4C0027D01A /* Info.plist */,
				86485B1E1B973A4C0027D01A /* Supporting Files */,
			);
			path = PowerDo;
			sourceTree = "<group>";
		};
		86485B1E1B973A4C0027D01A /* Supporting Files */ = {
			isa = PBXGroup;
			children = (
				86485B1F1B973A4C0027D01A /* main.m */,
			);
			name = "Supporting Files";
			sourceTree = "<group>";
		};
		86485B3A1B973A4C0027D01A /* PowerDoTests */ = {
			isa = PBXGroup;
			children = (
				86E21A721B973CBD0098AC93 /* Model */,
				86485B3B1B973A4C0027D01A /* PowerDoTests.m */,
				86485B3D1B973A4C0027D01A /* Info.plist */,
			);
			path = PowerDoTests;
			sourceTree = "<group>";
		};
		86485B451B973A4C0027D01A /* PowerDoUITests */ = {
			isa = PBXGroup;
			children = (
				86485B461B973A4C0027D01A /* PowerDoUITests.m */,
				86485B481B973A4C0027D01A /* Info.plist */,
			);
			path = PowerDoUITests;
			sourceTree = "<group>";
		};
		86A75F8B1BA2CC4600588730 /* View */ = {
			isa = PBXGroup;
			children = (
				E2DAC0311BA8744000C33CBD /* PWDFeedbackTextField.h */,
				E2DAC0321BA8744000C33CBD /* PWDFeedbackTextField.m */,
				4E575F651BFA14560099DDEB /* PWDTaskDifficultyIndicator.h */,
				4E575F661BFA14560099DDEB /* PWDTaskDifficultyIndicator.m */,
				4EF5F5F31C01B4C200BF6CBE /* PWDChartView.h */,
				4EF5F5F41C01B4C200BF6CBE /* PWDChartView.m */,
				4EF5F5F61C01CB8900BF6CBE /* PWDChartScrollView.h */,
				4EF5F5F71C01CB8900BF6CBE /* PWDChartScrollView.m */,
				4EC7ECC61C035F04003C5259 /* PWDTodayPowerBar.h */,
				4EC7ECC71C035F04003C5259 /* PWDTodayPowerBar.m */,
			);
			name = View;
			sourceTree = "<group>";
		};
		86E21A721B973CBD0098AC93 /* Model */ = {
			isa = PBXGroup;
			children = (
				86E21A731B973D3C0098AC93 /* PWDTaskTests.m */,
				8621A00B1B9B20580082B853 /* PWDTaskManagerTests.m */,
			);
			name = Model;
			sourceTree = "<group>";
		};
		86E21A751B973EE20098AC93 /* Model */ = {
			isa = PBXGroup;
			children = (
				86AF08D51C00271100F70D5A /* PWDDailyRecord+CoreDataProperties.h */,
				86AF08D61C00271100F70D5A /* PWDDailyRecord+CoreDataProperties.m */,
				86AF08D71C00271100F70D5A /* PWDDailyRecord.h */,
				86AF08D81C00271100F70D5A /* PWDDailyRecord.m */,
				86E8D9561BFB6A0700E93E7F /* PWDTask+CoreDataProperties.h */,
				86E8D9571BFB6A0700E93E7F /* PWDTask+CoreDataProperties.m */,
				86E8D9581BFB6A0700E93E7F /* PWDTask.h */,
				86E8D9591BFB6A0700E93E7F /* PWDTask.m */,
				8621A0081B9B1FBA0082B853 /* PWDTaskManager.h */,
				8621A0091B9B1FBA0082B853 /* PWDTaskManager.m */,
				4EB111281B9C0D4900BF5656 /* PowerDo.xcdatamodeld */,
			);
			name = Model;
			sourceTree = "<group>";
		};
		E23664D01BAB0C6C0035C0D2 /* Service */ = {
			isa = PBXGroup;
			children = (
				E23664D11BAB0C810035C0D2 /* PWDFeedbackService.h */,
				E23664D21BAB0C810035C0D2 /* PWDFeedbackService.m */,
			);
			name = Service;
			sourceTree = "<group>";
		};
		E2C426521B9DDD3900E3BC92 /* Controller */ = {
			isa = PBXGroup;
			children = (
				E2C426531B9DDD9500E3BC92 /* PWDTodayViewController.h */,
				E2C426541B9DDD9500E3BC92 /* PWDTodayViewController.m */,
				E262CCE81BA0881A00A82C98 /* PWDSettingsViewController.h */,
				E262CCE91BA0881A00A82C98 /* PWDSettingsViewController.m */,
				86658E601BA3372700FE67B3 /* PWDStatsViewController.h */,
				86658E611BA3372700FE67B3 /* PWDStatsViewController.m */,
				E22319051BA486D400C1C21F /* PWDFeedbackViewController.h */,
				E22319061BA486D400C1C21F /* PWDFeedbackViewController.m */,
				E22319071BA486D400C1C21F /* PWDFeedbackViewController.xib */,
				86F043C61BF738ED0048FADB /* PWDPlanViewController.h */,
				86F043C71BF738ED0048FADB /* PWDPlanViewController.m */,
				8621D1A11BFCBF5D00995C36 /* PWDRootViewController.h */,
				8621D1A21BFCBF5D00995C36 /* PWDRootViewController.m */,
				4E4A783C1C0422D000314390 /* PWDDetailViewController.h */,
				4E4A783D1C0422D000314390 /* PWDDetailViewController.m */,
				4E4A783E1C0422D000314390 /* PWDDetailViewController.xib */,
			);
			name = Controller;
			sourceTree = "<group>";
		};
/* End PBXGroup section */

/* Begin PBXNativeTarget section */
		86485B1A1B973A4C0027D01A /* PowerDo */ = {
			isa = PBXNativeTarget;
			buildConfigurationList = 86485B4B1B973A4C0027D01A /* Build configuration list for PBXNativeTarget "PowerDo" */;
			buildPhases = (
				48F8EA92CEA3255CE54E68DF /* Check Pods Manifest.lock */,
				86485B171B973A4C0027D01A /* Sources */,
				86485B181B973A4C0027D01A /* Frameworks */,
				86485B191B973A4C0027D01A /* Resources */,
				86E0D3411C1493C000C86203 /* Embed Frameworks */,
				B4BED8D8995DDDB279CCCF20 /* Embed Pods Frameworks */,
				07532D79D89E86D9A6D83BCA /* Copy Pods Resources */,
			);
			buildRules = (
			);
			dependencies = (
			);
			name = PowerDo;
			productName = PowerDo;
			productReference = 86485B1B1B973A4C0027D01A /* PowerDo.app */;
			productType = "com.apple.product-type.application";
		};
		86485B361B973A4C0027D01A /* PowerDoTests */ = {
			isa = PBXNativeTarget;
			buildConfigurationList = 86485B4E1B973A4C0027D01A /* Build configuration list for PBXNativeTarget "PowerDoTests" */;
			buildPhases = (
				1DC1E23AD72DBC7917D3F13E /* Check Pods Manifest.lock */,
				86485B331B973A4C0027D01A /* Sources */,
				86485B341B973A4C0027D01A /* Frameworks */,
				86485B351B973A4C0027D01A /* Resources */,
				90B587D6EEFE40B83A160AF7 /* Embed Pods Frameworks */,
				373C722EEBDB5926C0CBF104 /* Copy Pods Resources */,
			);
			buildRules = (
			);
			dependencies = (
				86485B391B973A4C0027D01A /* PBXTargetDependency */,
			);
			name = PowerDoTests;
			productName = PowerDoTests;
			productReference = 86485B371B973A4C0027D01A /* PowerDoTests.xctest */;
			productType = "com.apple.product-type.bundle.unit-test";
		};
		86485B411B973A4C0027D01A /* PowerDoUITests */ = {
			isa = PBXNativeTarget;
			buildConfigurationList = 86485B511B973A4C0027D01A /* Build configuration list for PBXNativeTarget "PowerDoUITests" */;
			buildPhases = (
				86485B3E1B973A4C0027D01A /* Sources */,
				86485B3F1B973A4C0027D01A /* Frameworks */,
				86485B401B973A4C0027D01A /* Resources */,
			);
			buildRules = (
			);
			dependencies = (
				86485B441B973A4C0027D01A /* PBXTargetDependency */,
			);
			name = PowerDoUITests;
			productName = PowerDoUITests;
			productReference = 86485B421B973A4C0027D01A /* PowerDoUITests.xctest */;
			productType = "com.apple.product-type.bundle.ui-testing";
		};
/* End PBXNativeTarget section */

/* Begin PBXProject section */
		86485B131B973A4C0027D01A /* Project object */ = {
			isa = PBXProject;
			attributes = {
				CLASSPREFIX = PWD;
				LastSwiftUpdateCheck = 0700;
				LastUpgradeCheck = 0710;
				ORGANIZATIONNAME = xushiyan;
				TargetAttributes = {
					86485B1A1B973A4C0027D01A = {
						CreatedOnToolsVersion = 7.0;
						DevelopmentTeam = 3LRL4FWTV2;
					};
					86485B361B973A4C0027D01A = {
						CreatedOnToolsVersion = 7.0;
						TestTargetID = 86485B1A1B973A4C0027D01A;
					};
					86485B411B973A4C0027D01A = {
						CreatedOnToolsVersion = 7.0;
						TestTargetID = 86485B1A1B973A4C0027D01A;
					};
				};
			};
			buildConfigurationList = 86485B161B973A4C0027D01A /* Build configuration list for PBXProject "PowerDo" */;
			compatibilityVersion = "Xcode 6.3";
			developmentRegion = English;
			hasScannedForEncodings = 0;
			knownRegions = (
				en,
				Base,
			);
			mainGroup = 86485B121B973A4C0027D01A;
			productRefGroup = 86485B1C1B973A4C0027D01A /* Products */;
			projectDirPath = "";
			projectRoot = "";
			targets = (
				86485B1A1B973A4C0027D01A /* PowerDo */,
				86485B361B973A4C0027D01A /* PowerDoTests */,
				86485B411B973A4C0027D01A /* PowerDoUITests */,
			);
		};
/* End PBXProject section */

/* Begin PBXResourcesBuildPhase section */
		86485B191B973A4C0027D01A /* Resources */ = {
			isa = PBXResourcesBuildPhase;
			buildActionMask = 2147483647;
			files = (
				4E3433E51C0C345500D3D284 /* Podfile in Resources */,
				86485B311B973A4C0027D01A /* LaunchScreen.storyboard in Resources */,
				4E4A78401C0422D000314390 /* PWDDetailViewController.xib in Resources */,
				86485B2E1B973A4C0027D01A /* Assets.xcassets in Resources */,
				E22319091BA486D400C1C21F /* PWDFeedbackViewController.xib in Resources */,
			);
			runOnlyForDeploymentPostprocessing = 0;
		};
		86485B351B973A4C0027D01A /* Resources */ = {
			isa = PBXResourcesBuildPhase;
			buildActionMask = 2147483647;
			files = (
			);
			runOnlyForDeploymentPostprocessing = 0;
		};
		86485B401B973A4C0027D01A /* Resources */ = {
			isa = PBXResourcesBuildPhase;
			buildActionMask = 2147483647;
			files = (
			);
			runOnlyForDeploymentPostprocessing = 0;
		};
/* End PBXResourcesBuildPhase section */

/* Begin PBXShellScriptBuildPhase section */
		07532D79D89E86D9A6D83BCA /* Copy Pods Resources */ = {
			isa = PBXShellScriptBuildPhase;
			buildActionMask = 2147483647;
			files = (
			);
			inputPaths = (
			);
			name = "Copy Pods Resources";
			outputPaths = (
			);
			runOnlyForDeploymentPostprocessing = 0;
			shellPath = /bin/sh;
			shellScript = "\"${SRCROOT}/Pods/Target Support Files/Pods-PowerDo/Pods-PowerDo-resources.sh\"\n";
			showEnvVarsInLog = 0;
		};
		1DC1E23AD72DBC7917D3F13E /* Check Pods Manifest.lock */ = {
			isa = PBXShellScriptBuildPhase;
			buildActionMask = 2147483647;
			files = (
			);
			inputPaths = (
			);
			name = "Check Pods Manifest.lock";
			outputPaths = (
			);
			runOnlyForDeploymentPostprocessing = 0;
			shellPath = /bin/sh;
			shellScript = "diff \"${PODS_ROOT}/../Podfile.lock\" \"${PODS_ROOT}/Manifest.lock\" > /dev/null\nif [[ $? != 0 ]] ; then\n    cat << EOM\nerror: The sandbox is not in sync with the Podfile.lock. Run 'pod install' or update your CocoaPods installation.\nEOM\n    exit 1\nfi\n";
			showEnvVarsInLog = 0;
		};
		373C722EEBDB5926C0CBF104 /* Copy Pods Resources */ = {
			isa = PBXShellScriptBuildPhase;
			buildActionMask = 2147483647;
			files = (
			);
			inputPaths = (
			);
			name = "Copy Pods Resources";
			outputPaths = (
			);
			runOnlyForDeploymentPostprocessing = 0;
			shellPath = /bin/sh;
			shellScript = "\"${SRCROOT}/Pods/Target Support Files/Pods-PowerDoTests/Pods-PowerDoTests-resources.sh\"\n";
			showEnvVarsInLog = 0;
		};
		48F8EA92CEA3255CE54E68DF /* Check Pods Manifest.lock */ = {
			isa = PBXShellScriptBuildPhase;
			buildActionMask = 2147483647;
			files = (
			);
			inputPaths = (
			);
			name = "Check Pods Manifest.lock";
			outputPaths = (
			);
			runOnlyForDeploymentPostprocessing = 0;
			shellPath = /bin/sh;
			shellScript = "diff \"${PODS_ROOT}/../Podfile.lock\" \"${PODS_ROOT}/Manifest.lock\" > /dev/null\nif [[ $? != 0 ]] ; then\n    cat << EOM\nerror: The sandbox is not in sync with the Podfile.lock. Run 'pod install' or update your CocoaPods installation.\nEOM\n    exit 1\nfi\n";
			showEnvVarsInLog = 0;
		};
		90B587D6EEFE40B83A160AF7 /* Embed Pods Frameworks */ = {
			isa = PBXShellScriptBuildPhase;
			buildActionMask = 2147483647;
			files = (
			);
			inputPaths = (
			);
			name = "Embed Pods Frameworks";
			outputPaths = (
			);
			runOnlyForDeploymentPostprocessing = 0;
			shellPath = /bin/sh;
			shellScript = "\"${SRCROOT}/Pods/Target Support Files/Pods-PowerDoTests/Pods-PowerDoTests-frameworks.sh\"\n";
			showEnvVarsInLog = 0;
		};
		B4BED8D8995DDDB279CCCF20 /* Embed Pods Frameworks */ = {
			isa = PBXShellScriptBuildPhase;
			buildActionMask = 2147483647;
			files = (
			);
			inputPaths = (
			);
			name = "Embed Pods Frameworks";
			outputPaths = (
			);
			runOnlyForDeploymentPostprocessing = 0;
			shellPath = /bin/sh;
			shellScript = "\"${SRCROOT}/Pods/Target Support Files/Pods-PowerDo/Pods-PowerDo-frameworks.sh\"\n";
			showEnvVarsInLog = 0;
		};
/* End PBXShellScriptBuildPhase section */

/* Begin PBXSourcesBuildPhase section */
		86485B171B973A4C0027D01A /* Sources */ = {
			isa = PBXSourcesBuildPhase;
			buildActionMask = 2147483647;
			files = (
				8621A00A1B9B1FBA0082B853 /* PWDTaskManager.m in Sources */,
				E262CCEA1BA0881A00A82C98 /* PWDSettingsViewController.m in Sources */,
				86AF08D91C00271100F70D5A /* PWDDailyRecord+CoreDataProperties.m in Sources */,
				86B0F7EB1C0176B100724324 /* UITableViewCell+PWDExtras.m in Sources */,
				86E8D95A1BFB6A0700E93E7F /* PWDTask+CoreDataProperties.m in Sources */,
				4EF5F5F81C01CB8900BF6CBE /* PWDChartScrollView.m in Sources */,
				E23664D61BAB11A60035C0D2 /* UIColor+Extras.m in Sources */,
				E22319081BA486D400C1C21F /* PWDFeedbackViewController.m in Sources */,
				86485B231B973A4C0027D01A /* AppDelegate.m in Sources */,
				86AF08DD1C00738600F70D5A /* NSPredicate+PWDExtras.m in Sources */,
				86E8D95B1BFB6A0700E93E7F /* PWDTask.m in Sources */,
				E23664D31BAB0C810035C0D2 /* PWDFeedbackService.m in Sources */,
				86658E621BA3372700FE67B3 /* PWDStatsViewController.m in Sources */,
				4EB1112A1B9C0D4900BF5656 /* PowerDo.xcdatamodeld in Sources */,
				86F043C81BF738ED0048FADB /* PWDPlanViewController.m in Sources */,
				86AF08DA1C00271100F70D5A /* PWDDailyRecord.m in Sources */,
				E2C426551B9DDD9500E3BC92 /* PWDTodayViewController.m in Sources */,
				86485B201B973A4C0027D01A /* main.m in Sources */,
				4EF5F5F51C01B4C200BF6CBE /* PWDChartView.m in Sources */,
				E2DAC0331BA8744000C33CBD /* PWDFeedbackTextField.m in Sources */,
				8621D1A31BFCBF5D00995C36 /* PWDRootViewController.m in Sources */,
				4E575F671BFA14560099DDEB /* PWDTaskDifficultyIndicator.m in Sources */,
				86A75FAC1BA2E20700588730 /* PWDConstants.m in Sources */,
				4E4A783F1C0422D000314390 /* PWDDetailViewController.m in Sources */,
				4EC7ECC81C035F04003C5259 /* PWDTodayPowerBar.m in Sources */,
			);
			runOnlyForDeploymentPostprocessing = 0;
		};
		86485B331B973A4C0027D01A /* Sources */ = {
			isa = PBXSourcesBuildPhase;
			buildActionMask = 2147483647;
			files = (
				8621A00C1B9B20580082B853 /* PWDTaskManagerTests.m in Sources */,
				86E21A741B973D3C0098AC93 /* PWDTaskTests.m in Sources */,
				86485B3C1B973A4C0027D01A /* PowerDoTests.m in Sources */,
			);
			runOnlyForDeploymentPostprocessing = 0;
		};
		86485B3E1B973A4C0027D01A /* Sources */ = {
			isa = PBXSourcesBuildPhase;
			buildActionMask = 2147483647;
			files = (
				86485B471B973A4C0027D01A /* PowerDoUITests.m in Sources */,
			);
			runOnlyForDeploymentPostprocessing = 0;
		};
/* End PBXSourcesBuildPhase section */

/* Begin PBXTargetDependency section */
		86485B391B973A4C0027D01A /* PBXTargetDependency */ = {
			isa = PBXTargetDependency;
			target = 86485B1A1B973A4C0027D01A /* PowerDo */;
			targetProxy = 86485B381B973A4C0027D01A /* PBXContainerItemProxy */;
		};
		86485B441B973A4C0027D01A /* PBXTargetDependency */ = {
			isa = PBXTargetDependency;
			target = 86485B1A1B973A4C0027D01A /* PowerDo */;
			targetProxy = 86485B431B973A4C0027D01A /* PBXContainerItemProxy */;
		};
/* End PBXTargetDependency section */

/* Begin PBXVariantGroup section */
		86485B2F1B973A4C0027D01A /* LaunchScreen.storyboard */ = {
			isa = PBXVariantGroup;
			children = (
				86485B301B973A4C0027D01A /* Base */,
			);
			name = LaunchScreen.storyboard;
			sourceTree = "<group>";
		};
/* End PBXVariantGroup section */

/* Begin XCBuildConfiguration section */
		86485B491B973A4C0027D01A /* Debug */ = {
			isa = XCBuildConfiguration;
			buildSettings = {
				ALWAYS_SEARCH_USER_PATHS = NO;
				CLANG_CXX_LANGUAGE_STANDARD = "gnu++0x";
				CLANG_CXX_LIBRARY = "libc++";
				CLANG_ENABLE_MODULES = YES;
				CLANG_ENABLE_OBJC_ARC = YES;
				CLANG_WARN_BOOL_CONVERSION = YES;
				CLANG_WARN_CONSTANT_CONVERSION = YES;
				CLANG_WARN_DIRECT_OBJC_ISA_USAGE = YES_ERROR;
				CLANG_WARN_EMPTY_BODY = YES;
				CLANG_WARN_ENUM_CONVERSION = YES;
				CLANG_WARN_INT_CONVERSION = YES;
				CLANG_WARN_OBJC_ROOT_CLASS = YES_ERROR;
				CLANG_WARN_UNREACHABLE_CODE = YES;
				CLANG_WARN__DUPLICATE_METHOD_MATCH = YES;
				"CODE_SIGN_IDENTITY[sdk=iphoneos*]" = "iPhone Developer";
				COPY_PHASE_STRIP = NO;
				CURRENT_PROJECT_VERSION = 4;
				DEBUG_INFORMATION_FORMAT = dwarf;
				ENABLE_STRICT_OBJC_MSGSEND = YES;
				ENABLE_TESTABILITY = YES;
				GCC_C_LANGUAGE_STANDARD = gnu99;
				GCC_DYNAMIC_NO_PIC = NO;
				GCC_NO_COMMON_BLOCKS = YES;
				GCC_OPTIMIZATION_LEVEL = 0;
				GCC_PREPROCESSOR_DEFINITIONS = (
					"DEBUG=1",
					"$(inherited)",
				);
				GCC_WARN_64_TO_32_BIT_CONVERSION = YES;
				GCC_WARN_ABOUT_RETURN_TYPE = YES_ERROR;
				GCC_WARN_UNDECLARED_SELECTOR = YES;
				GCC_WARN_UNINITIALIZED_AUTOS = YES_AGGRESSIVE;
				GCC_WARN_UNUSED_FUNCTION = YES;
				GCC_WARN_UNUSED_VARIABLE = YES;
				IPHONEOS_DEPLOYMENT_TARGET = 9.0;
				MTL_ENABLE_DEBUG_INFO = YES;
				ONLY_ACTIVE_ARCH = YES;
				SDKROOT = iphoneos;
			};
			name = Debug;
		};
		86485B4A1B973A4C0027D01A /* Release */ = {
			isa = XCBuildConfiguration;
			buildSettings = {
				ALWAYS_SEARCH_USER_PATHS = NO;
				CLANG_CXX_LANGUAGE_STANDARD = "gnu++0x";
				CLANG_CXX_LIBRARY = "libc++";
				CLANG_ENABLE_MODULES = YES;
				CLANG_ENABLE_OBJC_ARC = YES;
				CLANG_WARN_BOOL_CONVERSION = YES;
				CLANG_WARN_CONSTANT_CONVERSION = YES;
				CLANG_WARN_DIRECT_OBJC_ISA_USAGE = YES_ERROR;
				CLANG_WARN_EMPTY_BODY = YES;
				CLANG_WARN_ENUM_CONVERSION = YES;
				CLANG_WARN_INT_CONVERSION = YES;
				CLANG_WARN_OBJC_ROOT_CLASS = YES_ERROR;
				CLANG_WARN_UNREACHABLE_CODE = YES;
				CLANG_WARN__DUPLICATE_METHOD_MATCH = YES;
				"CODE_SIGN_IDENTITY[sdk=iphoneos*]" = "iPhone Developer";
				COPY_PHASE_STRIP = NO;
				CURRENT_PROJECT_VERSION = 4;
				DEBUG_INFORMATION_FORMAT = "dwarf-with-dsym";
				ENABLE_NS_ASSERTIONS = NO;
				ENABLE_STRICT_OBJC_MSGSEND = YES;
				GCC_C_LANGUAGE_STANDARD = gnu99;
				GCC_NO_COMMON_BLOCKS = YES;
				GCC_WARN_64_TO_32_BIT_CONVERSION = YES;
				GCC_WARN_ABOUT_RETURN_TYPE = YES_ERROR;
				GCC_WARN_UNDECLARED_SELECTOR = YES;
				GCC_WARN_UNINITIALIZED_AUTOS = YES_AGGRESSIVE;
				GCC_WARN_UNUSED_FUNCTION = YES;
				GCC_WARN_UNUSED_VARIABLE = YES;
				IPHONEOS_DEPLOYMENT_TARGET = 9.0;
				MTL_ENABLE_DEBUG_INFO = NO;
				SDKROOT = iphoneos;
				VALIDATE_PRODUCT = YES;
			};
			name = Release;
		};
		86485B4C1B973A4C0027D01A /* Debug */ = {
			isa = XCBuildConfiguration;
			baseConfigurationReference = 799CA31F66E7EB2399F99BEE /* Pods-PowerDo.debug.xcconfig */;
			buildSettings = {
				ASSETCATALOG_COMPILER_APPICON_NAME = AppIcon;
				CLANG_ENABLE_MODULES = YES;
				CODE_SIGN_IDENTITY = "iPhone Developer";
				FRAMEWORK_SEARCH_PATHS = (
					"$(inherited)",
					"$(PROJECT_DIR)",
				);
				INFOPLIST_FILE = PowerDo/Info.plist;
				LD_RUNPATH_SEARCH_PATHS = "$(inherited) @executable_path/Frameworks";
				PRODUCT_BUNDLE_IDENTIFIER = com.xushiyan.app.PowerDo;
				PRODUCT_NAME = "$(TARGET_NAME)";
				SWIFT_OBJC_BRIDGING_HEADER = "PowerDo/PowerDo-Bridging-Header.h";
				SWIFT_OPTIMIZATION_LEVEL = "-Onone";
			};
			name = Debug;
		};
		86485B4D1B973A4C0027D01A /* Release */ = {
			isa = XCBuildConfiguration;
			baseConfigurationReference = E0DA81DA460E89775F916B85 /* Pods-PowerDo.release.xcconfig */;
			buildSettings = {
				ASSETCATALOG_COMPILER_APPICON_NAME = AppIcon;
				CLANG_ENABLE_MODULES = YES;
				CODE_SIGN_IDENTITY = "iPhone Developer";
				FRAMEWORK_SEARCH_PATHS = (
					"$(inherited)",
					"$(PROJECT_DIR)",
				);
				INFOPLIST_FILE = PowerDo/Info.plist;
				LD_RUNPATH_SEARCH_PATHS = "$(inherited) @executable_path/Frameworks";
				PRODUCT_BUNDLE_IDENTIFIER = com.xushiyan.app.PowerDo;
				PRODUCT_NAME = "$(TARGET_NAME)";
				SWIFT_OBJC_BRIDGING_HEADER = "PowerDo/PowerDo-Bridging-Header.h";
			};
			name = Release;
		};
		86485B4F1B973A4C0027D01A /* Debug */ = {
			isa = XCBuildConfiguration;
			baseConfigurationReference = 51F85B7A7FB51F5B32430123 /* Pods-PowerDoTests.debug.xcconfig */;
			buildSettings = {
				BUNDLE_LOADER = "$(TEST_HOST)";
				INFOPLIST_FILE = PowerDoTests/Info.plist;
				LD_RUNPATH_SEARCH_PATHS = "$(inherited) @executable_path/Frameworks @loader_path/Frameworks";
				PRODUCT_BUNDLE_IDENTIFIER = com.xushiyan.PowerDoTests;
				PRODUCT_NAME = "$(TARGET_NAME)";
				TEST_HOST = "$(BUILT_PRODUCTS_DIR)/PowerDo.app/PowerDo";
			};
			name = Debug;
		};
		86485B501B973A4C0027D01A /* Release */ = {
			isa = XCBuildConfiguration;
			baseConfigurationReference = EA830DC4FCC26E384ED90FA1 /* Pods-PowerDoTests.release.xcconfig */;
			buildSettings = {
				BUNDLE_LOADER = "$(TEST_HOST)";
				INFOPLIST_FILE = PowerDoTests/Info.plist;
				LD_RUNPATH_SEARCH_PATHS = "$(inherited) @executable_path/Frameworks @loader_path/Frameworks";
				PRODUCT_BUNDLE_IDENTIFIER = com.xushiyan.PowerDoTests;
				PRODUCT_NAME = "$(TARGET_NAME)";
				TEST_HOST = "$(BUILT_PRODUCTS_DIR)/PowerDo.app/PowerDo";
			};
			name = Release;
		};
		86485B521B973A4C0027D01A /* Debug */ = {
			isa = XCBuildConfiguration;
			buildSettings = {
				INFOPLIST_FILE = PowerDoUITests/Info.plist;
				LD_RUNPATH_SEARCH_PATHS = "$(inherited) @executable_path/Frameworks @loader_path/Frameworks";
				PRODUCT_BUNDLE_IDENTIFIER = com.xushiyan.PowerDoUITests;
				PRODUCT_NAME = "$(TARGET_NAME)";
				TEST_TARGET_NAME = PowerDo;
				USES_XCTRUNNER = YES;
			};
			name = Debug;
		};
		86485B531B973A4C0027D01A /* Release */ = {
			isa = XCBuildConfiguration;
			buildSettings = {
				INFOPLIST_FILE = PowerDoUITests/Info.plist;
				LD_RUNPATH_SEARCH_PATHS = "$(inherited) @executable_path/Frameworks @loader_path/Frameworks";
				PRODUCT_BUNDLE_IDENTIFIER = com.xushiyan.PowerDoUITests;
				PRODUCT_NAME = "$(TARGET_NAME)";
				TEST_TARGET_NAME = PowerDo;
				USES_XCTRUNNER = YES;
			};
			name = Release;
		};
/* End XCBuildConfiguration section */

/* Begin XCConfigurationList section */
		86485B161B973A4C0027D01A /* Build configuration list for PBXProject "PowerDo" */ = {
			isa = XCConfigurationList;
			buildConfigurations = (
				86485B491B973A4C0027D01A /* Debug */,
				86485B4A1B973A4C0027D01A /* Release */,
			);
			defaultConfigurationIsVisible = 0;
			defaultConfigurationName = Release;
		};
		86485B4B1B973A4C0027D01A /* Build configuration list for PBXNativeTarget "PowerDo" */ = {
			isa = XCConfigurationList;
			buildConfigurations = (
				86485B4C1B973A4C0027D01A /* Debug */,
				86485B4D1B973A4C0027D01A /* Release */,
			);
			defaultConfigurationIsVisible = 0;
			defaultConfigurationName = Release;
		};
		86485B4E1B973A4C0027D01A /* Build configuration list for PBXNativeTarget "PowerDoTests" */ = {
			isa = XCConfigurationList;
			buildConfigurations = (
				86485B4F1B973A4C0027D01A /* Debug */,
				86485B501B973A4C0027D01A /* Release */,
			);
			defaultConfigurationIsVisible = 0;
			defaultConfigurationName = Release;
		};
		86485B511B973A4C0027D01A /* Build configuration list for PBXNativeTarget "PowerDoUITests" */ = {
			isa = XCConfigurationList;
			buildConfigurations = (
				86485B521B973A4C0027D01A /* Debug */,
				86485B531B973A4C0027D01A /* Release */,
			);
			defaultConfigurationIsVisible = 0;
			defaultConfigurationName = Release;
		};
/* End XCConfigurationList section */

/* Begin XCVersionGroup section */
		4EB111281B9C0D4900BF5656 /* PowerDo.xcdatamodeld */ = {
			isa = XCVersionGroup;
			children = (
				4EB111291B9C0D4900BF5656 /* PowerDo.xcdatamodel */,
			);
			currentVersion = 4EB111291B9C0D4900BF5656 /* PowerDo.xcdatamodel */;
			path = PowerDo.xcdatamodeld;
			sourceTree = "<group>";
			versionGroupType = wrapper.xcdatamodel;
		};
/* End XCVersionGroup section */
	};
	rootObject = 86485B131B973A4C0027D01A /* Project object */;
}
